
Microsoft Visual Studio Solution File, Format Version 12.00
# Visual Studio 15
VisualStudioVersion = 15.0.27130.2010
MinimumVisualStudioVersion = 10.0.40219.1
Project("{FAE04EC0-301F-11D3-BF4B-00C04F79EFBC}") = "KreatorPlanu2", "KreatorPlanu2\KreatorPlanu2.csproj", "{D88859DF-59EE-48DF-902F-B935D0DE1059}"
EndProject
Global
	GlobalSection(SolutionConfigurationPlatforms) = preSolution
		Debug|Any CPU = Debug|Any CPU
		Release|Any CPU = Release|Any CPU
	EndGlobalSection
	GlobalSection(ProjectConfigurationPlatforms) = postSolution
		{D88859DF-59EE-48DF-902F-B935D0DE1059}.Debug|Any CPU.ActiveCfg = Debug|Any CPU
		{D88859DF-59EE-48DF-902F-B935D0DE1059}.Debug|Any CPU.Build.0 = Debug|Any CPU
		{D88859DF-59EE-48DF-902F-B935D0DE1059}.Release|Any CPU.ActiveCfg = Release|Any CPU
		{D88859DF-59EE-48DF-902F-B935D0DE1059}.Release|Any CPU.Build.0 = Release|Any CPU
	EndGlobalSection
	GlobalSection(SolutionProperties) = preSolution
		HideSolutionNode = FALSE
	EndGlobalSection
	GlobalSection(ExtensibilityGlobals) = postSolution
		SolutionGuid = {F054E316-8727-477E-B656-60B825FBD4A4}
	EndGlobalSection
EndGlobal
